
Microsoft Visual Studio Solution File, Format Version 12.00
# Visual Studio 2013
VisualStudioVersion = 12.0.21005.1
MinimumVisualStudioVersion = 10.0.40219.1
Project("{FAE04EC0-301F-11D3-BF4B-00C04F79EFBC}") = "ProyectoMindStorm", "ProyectoMindStorm\ProyectoMindStorm.csproj", "{5556225A-46AE-4042-9D98-F432C7B21D01}"
	ProjectSection(ProjectDependencies) = postProject
		{C68936BB-3413-4350-972B-FD3160AD92ED} = {C68936BB-3413-4350-972B-FD3160AD92ED}
	EndProjectSection
EndProject
Project("{FAE04EC0-301F-11D3-BF4B-00C04F79EFBC}") = "LegoEv3Clases", "LegoEv3Clases\LegoEv3Clases.csproj", "{6064EB37-806C-4F25-9298-DE45CC324745}"
EndProject
Project("{FAE04EC0-301F-11D3-BF4B-00C04F79EFBC}") = "ThinkGearNET", "ThinkGearNET\ThinkGearNET.csproj", "{C68936BB-3413-4350-972B-FD3160AD92ED}"
EndProject
Global
	GlobalSection(SolutionConfigurationPlatforms) = preSolution
		Debug|Any CPU = Debug|Any CPU
		Debug|x64 = Debug|x64
		Debug|x86 = Debug|x86
		Release|Any CPU = Release|Any CPU
		Release|x64 = Release|x64
		Release|x86 = Release|x86
	EndGlobalSection
	GlobalSection(ProjectConfigurationPlatforms) = postSolution
		{5556225A-46AE-4042-9D98-F432C7B21D01}.Debug|Any CPU.ActiveCfg = Debug|Any CPU
		{5556225A-46AE-4042-9D98-F432C7B21D01}.Debug|Any CPU.Build.0 = Debug|Any CPU
		{5556225A-46AE-4042-9D98-F432C7B21D01}.Debug|x64.ActiveCfg = Debug|x64
		{5556225A-46AE-4042-9D98-F432C7B21D01}.Debug|x64.Build.0 = Debug|x64
		{5556225A-46AE-4042-9D98-F432C7B21D01}.Debug|x86.ActiveCfg = Debug|Any CPU
		{5556225A-46AE-4042-9D98-F432C7B21D01}.Debug|x86.Build.0 = Debug|Any CPU
		{5556225A-46AE-4042-9D98-F432C7B21D01}.Release|Any CPU.ActiveCfg = Release|Any CPU
		{5556225A-46AE-4042-9D98-F432C7B21D01}.Release|Any CPU.Build.0 = Release|Any CPU
		{5556225A-46AE-4042-9D98-F432C7B21D01}.Release|x64.ActiveCfg = Release|x64
		{5556225A-46AE-4042-9D98-F432C7B21D01}.Release|x64.Build.0 = Release|x64
		{5556225A-46AE-4042-9D98-F432C7B21D01}.Release|x86.ActiveCfg = Release|Any CPU
		{5556225A-46AE-4042-9D98-F432C7B21D01}.Release|x86.Build.0 = Release|Any CPU
		{6064EB37-806C-4F25-9298-DE45CC324745}.Debug|Any CPU.ActiveCfg = Debug|Any CPU
		{6064EB37-806C-4F25-9298-DE45CC324745}.Debug|Any CPU.Build.0 = Debug|Any CPU
		{6064EB37-806C-4F25-9298-DE45CC324745}.Debug|x64.ActiveCfg = Debug|Any CPU
		{6064EB37-806C-4F25-9298-DE45CC324745}.Debug|x86.ActiveCfg = Debug|Any CPU
		{6064EB37-806C-4F25-9298-DE45CC324745}.Debug|x86.Build.0 = Debug|Any CPU
		{6064EB37-806C-4F25-9298-DE45CC324745}.Release|Any CPU.ActiveCfg = Release|Any CPU
		{6064EB37-806C-4F25-9298-DE45CC324745}.Release|Any CPU.Build.0 = Release|Any CPU
		{6064EB37-806C-4F25-9298-DE45CC324745}.Release|x64.ActiveCfg = Release|Any CPU
		{6064EB37-806C-4F25-9298-DE45CC324745}.Release|x86.ActiveCfg = Release|Any CPU
		{6064EB37-806C-4F25-9298-DE45CC324745}.Release|x86.Build.0 = Release|Any CPU
		{C68936BB-3413-4350-972B-FD3160AD92ED}.Debug|Any CPU.ActiveCfg = Debug|x86
		{C68936BB-3413-4350-972B-FD3160AD92ED}.Debug|Any CPU.Build.0 = Debug|x86
		{C68936BB-3413-4350-972B-FD3160AD92ED}.Debug|x64.ActiveCfg = Debug|Any CPU
		{C68936BB-3413-4350-972B-FD3160AD92ED}.Debug|x64.Build.0 = Debug|Any CPU
		{C68936BB-3413-4350-972B-FD3160AD92ED}.Debug|x86.ActiveCfg = Debug|x86
		{C68936BB-3413-4350-972B-FD3160AD92ED}.Debug|x86.Build.0 = Debug|x86
		{C68936BB-3413-4350-972B-FD3160AD92ED}.Release|Any CPU.ActiveCfg = Release|Any CPU
		{C68936BB-3413-4350-972B-FD3160AD92ED}.Release|Any CPU.Build.0 = Release|Any CPU
		{C68936BB-3413-4350-972B-FD3160AD92ED}.Release|x64.ActiveCfg = Release|Any CPU
		{C68936BB-3413-4350-972B-FD3160AD92ED}.Release|x64.Build.0 = Release|Any CPU
		{C68936BB-3413-4350-972B-FD3160AD92ED}.Release|x86.ActiveCfg = Release|x86
		{C68936BB-3413-4350-972B-FD3160AD92ED}.Release|x86.Build.0 = Release|x86
	EndGlobalSection
	GlobalSection(SolutionProperties) = preSolution
		HideSolutionNode = FALSE
	EndGlobalSection
EndGlobal
